// !$*UTF8*$!
{
	archiveVersion = 1;
	classes = {
	};
	objectVersion = 50;
	objects = {

/* Begin PBXBuildFile section */
		D09D7C4F290D53F500455BA8 /* AppDelegate.swift in Sources */ = {isa = PBXBuildFile; fileRef = D09D7C4E290D53F500455BA8 /* AppDelegate.swift */; };
		D09D7C51290D53F500455BA8 /* SceneDelegate.swift in Sources */ = {isa = PBXBuildFile; fileRef = D09D7C50290D53F500455BA8 /* SceneDelegate.swift */; };
		D09D7C53290D53F500455BA8 /* ViewController.swift in Sources */ = {isa = PBXBuildFile; fileRef = D09D7C52290D53F500455BA8 /* ViewController.swift */; };
		D09D7C56290D53F500455BA8 /* Main.storyboard in Resources */ = {isa = PBXBuildFile; fileRef = D09D7C54290D53F500455BA8 /* Main.storyboard */; };
		D09D7C58290D53F800455BA8 /* Assets.xcassets in Resources */ = {isa = PBXBuildFile; fileRef = D09D7C57290D53F800455BA8 /* Assets.xcassets */; };
		D09D7C5B290D53F800455BA8 /* LaunchScreen.storyboard in Resources */ = {isa = PBXBuildFile; fileRef = D09D7C59290D53F800455BA8 /* LaunchScreen.storyboard */; };
		D09D7C65290D617F00455BA8 /* WeatherModel.swift in Sources */ = {isa = PBXBuildFile; fileRef = D09D7C64290D617F00455BA8 /* WeatherModel.swift */; };
		D09D7C68290D837E00455BA8 /* HttpUtilities.swift in Sources */ = {isa = PBXBuildFile; fileRef = D09D7C67290D837E00455BA8 /* HttpUtilities.swift */; };
/* End PBXBuildFile section */

/* Begin PBXFileReference section */
		D09D7C4B290D53F500455BA8 /* Clima.app */ = {isa = PBXFileReference; explicitFileType = wrapper.application; includeInIndex = 0; path = Clima.app; sourceTree = BUILT_PRODUCTS_DIR; };
		D09D7C4E290D53F500455BA8 /* AppDelegate.swift */ = {isa = PBXFileReference; lastKnownFileType = sourcecode.swift; path = AppDelegate.swift; sourceTree = "<group>"; };
		D09D7C50290D53F500455BA8 /* SceneDelegate.swift */ = {isa = PBXFileReference; lastKnownFileType = sourcecode.swift; path = SceneDelegate.swift; sourceTree = "<group>"; };
		D09D7C52290D53F500455BA8 /* ViewController.swift */ = {isa = PBXFileReference; lastKnownFileType = sourcecode.swift; path = ViewController.swift; sourceTree = "<group>"; };
		D09D7C55290D53F500455BA8 /* Base */ = {isa = PBXFileReference; lastKnownFileType = file.storyboard; name = Base; path = Base.lproj/Main.storyboard; sourceTree = "<group>"; };
		D09D7C57290D53F800455BA8 /* Assets.xcassets */ = {isa = PBXFileReference; lastKnownFileType = folder.assetcatalog; path = Assets.xcassets; sourceTree = "<group>"; };
		D09D7C5A290D53F800455BA8 /* Base */ = {isa = PBXFileReference; lastKnownFileType = file.storyboard; name = Base; path = Base.lproj/LaunchScreen.storyboard; sourceTree = "<group>"; };
		D09D7C5C290D53F800455BA8 /* Info.plist */ = {isa = PBXFileReference; lastKnownFileType = text.plist.xml; path = Info.plist; sourceTree = "<group>"; };
		D09D7C64290D617F00455BA8 /* WeatherModel.swift */ = {isa = PBXFileReference; lastKnownFileType = sourcecode.swift; path = WeatherModel.swift; sourceTree = "<group>"; };
		D09D7C67290D837E00455BA8 /* HttpUtilities.swift */ = {isa = PBXFileReference; lastKnownFileType = sourcecode.swift; path = HttpUtilities.swift; sourceTree = "<group>"; };
/* End PBXFileReference section */

/* Begin PBXFrameworksBuildPhase section */
		D09D7C48290D53F500455BA8 /* Frameworks */ = {
			isa = PBXFrameworksBuildPhase;
			buildActionMask = 2147483647;
			files = (
			);
			runOnlyForDeploymentPostprocessing = 0;
		};
/* End PBXFrameworksBuildPhase section */

/* Begin PBXGroup section */
		D09D7C42290D53F500455BA8 = {
			isa = PBXGroup;
			children = (
				D09D7C4D290D53F500455BA8 /* Clima */,
				D09D7C4C290D53F500455BA8 /* Products */,
			);
			sourceTree = "<group>";
		};
		D09D7C4C290D53F500455BA8 /* Products */ = {
			isa = PBXGroup;
			children = (
				D09D7C4B290D53F500455BA8 /* Clima.app */,
			);
			name = Products;
			sourceTree = "<group>";
		};
		D09D7C4D290D53F500455BA8 /* Clima */ = {
			isa = PBXGroup;
			children = (
				D09D7C4E290D53F500455BA8 /* AppDelegate.swift */,
				D09D7C50290D53F500455BA8 /* SceneDelegate.swift */,
				D0A200D8290FDD8A00B5BB18 /* Model */,
				D0A200D9290FDDAC00B5BB18 /* View */,
				D0A200DA290FDDB900B5BB18 /* Controller */,
				D09D7C57290D53F800455BA8 /* Assets.xcassets */,
				D09D7C59290D53F800455BA8 /* LaunchScreen.storyboard */,
				D09D7C5C290D53F800455BA8 /* Info.plist */,
			);
			path = Clima;
			sourceTree = "<group>";
		};
		D0A200D8290FDD8A00B5BB18 /* Model */ = {
			isa = PBXGroup;
			children = (
				D09D7C67290D837E00455BA8 /* HttpUtilities.swift */,
				D09D7C64290D617F00455BA8 /* WeatherModel.swift */,
			);
			path = Model;
			sourceTree = "<group>";
		};
		D0A200D9290FDDAC00B5BB18 /* View */ = {
			isa = PBXGroup;
			children = (
				D09D7C54290D53F500455BA8 /* Main.storyboard */,
			);
			path = View;
			sourceTree = "<group>";
		};
		D0A200DA290FDDB900B5BB18 /* Controller */ = {
			isa = PBXGroup;
			children = (
				D09D7C52290D53F500455BA8 /* ViewController.swift */,
			);
			path = Controller;
			sourceTree = "<group>";
		};
/* End PBXGroup section */

/* Begin PBXNativeTarget section */
		D09D7C4A290D53F500455BA8 /* Clima */ = {
			isa = PBXNativeTarget;
			buildConfigurationList = D09D7C5F290D53F800455BA8 /* Build configuration list for PBXNativeTarget "Clima" */;
			buildPhases = (
				D09D7C47290D53F500455BA8 /* Sources */,
				D09D7C48290D53F500455BA8 /* Frameworks */,
				D09D7C49290D53F500455BA8 /* Resources */,
			);
			buildRules = (
			);
			dependencies = (
			);
			name = Clima;
			productName = Clima;
			productReference = D09D7C4B290D53F500455BA8 /* Clima.app */;
			productType = "com.apple.product-type.application";
		};
/* End PBXNativeTarget section */

/* Begin PBXProject section */
		D09D7C43290D53F500455BA8 /* Project object */ = {
			isa = PBXProject;
			attributes = {
				LastSwiftUpdateCheck = 1240;
				LastUpgradeCheck = 1240;
				TargetAttributes = {
					D09D7C4A290D53F500455BA8 = {
						CreatedOnToolsVersion = 12.4;
					};
				};
			};
			buildConfigurationList = D09D7C46290D53F500455BA8 /* Build configuration list for PBXProject "Clima" */;
			compatibilityVersion = "Xcode 9.3";
			developmentRegion = en;
			hasScannedForEncodings = 0;
			knownRegions = (
				en,
				Base,
			);
			mainGroup = D09D7C42290D53F500455BA8;
			productRefGroup = D09D7C4C290D53F500455BA8 /* Products */;
			projectDirPath = "";
			projectRoot = "";
			targets = (
				D09D7C4A290D53F500455BA8 /* Clima */,
			);
		};
/* End PBXProject section */

/* Begin PBXResourcesBuildPhase section */
		D09D7C49290D53F500455BA8 /* Resources */ = {
			isa = PBXResourcesBuildPhase;
			buildActionMask = 2147483647;
			files = (
				D09D7C5B290D53F800455BA8 /* LaunchScreen.storyboard in Resources */,
				D09D7C58290D53F800455BA8 /* Assets.xcassets in Resources */,
				D09D7C56290D53F500455BA8 /* Main.storyboard in Resources */,
			);
			runOnlyForDeploymentPostprocessing = 0;
		};
/* End PBXResourcesBuildPhase section */

/* Begin PBXSourcesBuildPhase section */
		D09D7C47290D53F500455BA8 /* Sources */ = {
			isa = PBXSourcesBuildPhase;
			buildActionMask = 2147483647;
			files = (
				D09D7C53290D53F500455BA8 /* ViewController.swift in Sources */,
				D09D7C4F290D53F500455BA8 /* AppDelegate.swift in Sources */,
				D09D7C65290D617F00455BA8 /* WeatherModel.swift in Sources */,
				D09D7C51290D53F500455BA8 /* SceneDelegate.swift in Sources */,
				D09D7C68290D837E00455BA8 /* HttpUtilities.swift in Sources */,
			);
			runOnlyForDeploymentPostprocessing = 0;
		};
/* End PBXSourcesBuildPhase section */

/* Begin PBXVariantGroup section */
		D09D7C54290D53F500455BA8 /* Main.storyboard */ = {
			isa = PBXVariantGroup;
			children = (
				D09D7C55290D53F500455BA8 /* Base */,
			);
			name = Main.storyboard;
			sourceTree = "<group>";
		};
		D09D7C59290D53F800455BA8 /* LaunchScreen.storyboard */ = {
			isa = PBXVariantGroup;
			children = (
				D09D7C5A290D53F800455BA8 /* Base */,
			);
			name = LaunchScreen.storyboard;
			sourceTree = "<group>";
		};
/* End PBXVariantGroup section */

/* Begin XCBuildConfiguration section */
		D09D7C5D290D53F800455BA8 /* Debug */ = {
			isa = XCBuildConfiguration;
			buildSettings = {
				ALWAYS_SEARCH_USER_PATHS = NO;
				CLANG_ANALYZER_NONNULL = YES;
				CLANG_ANALYZER_NUMBER_OBJECT_CONVERSION = YES_AGGRESSIVE;
				CLANG_CXX_LANGUAGE_STANDARD = "gnu++14";
				CLANG_CXX_LIBRARY = "libc++";
				CLANG_ENABLE_MODULES = YES;
				CLANG_ENABLE_OBJC_ARC = YES;
				CLANG_ENABLE_OBJC_WEAK = YES;
				CLANG_WARN_BLOCK_CAPTURE_AUTORELEASING = YES;
				CLANG_WARN_BOOL_CONVERSION = YES;
				CLANG_WARN_COMMA = YES;
				CLANG_WARN_CONSTANT_CONVERSION = YES;
				CLANG_WARN_DEPRECATED_OBJC_IMPLEMENTATIONS = YES;
				CLANG_WARN_DIRECT_OBJC_ISA_USAGE = YES_ERROR;
				CLANG_WARN_DOCUMENTATION_COMMENTS = YES;
				CLANG_WARN_EMPTY_BODY = YES;
				CLANG_WARN_ENUM_CONVERSION = YES;
				CLANG_WARN_INFINITE_RECURSION = YES;
				CLANG_WARN_INT_CONVERSION = YES;
				CLANG_WARN_NON_LITERAL_NULL_CONVERSION = YES;
				CLANG_WARN_OBJC_IMPLICIT_RETAIN_SELF = YES;
				CLANG_WARN_OBJC_LITERAL_CONVERSION = YES;
				CLANG_WARN_OBJC_ROOT_CLASS = YES_ERROR;
				CLANG_WARN_QUOTED_INCLUDE_IN_FRAMEWORK_HEADER = YES;
				CLANG_WARN_RANGE_LOOP_ANALYSIS = YES;
				CLANG_WARN_STRICT_PROTOTYPES = YES;
				CLANG_WARN_SUSPICIOUS_MOVE = YES;
				CLANG_WARN_UNGUARDED_AVAILABILITY = YES_AGGRESSIVE;
				CLANG_WARN_UNREACHABLE_CODE = YES;
				CLANG_WARN__DUPLICATE_METHOD_MATCH = YES;
				COPY_PHASE_STRIP = NO;
				DEBUG_INFORMATION_FORMAT = dwarf;
				ENABLE_STRICT_OBJC_MSGSEND = YES;
				ENABLE_TESTABILITY = YES;
				GCC_C_LANGUAGE_STANDARD = gnu11;
				GCC_DYNAMIC_NO_PIC = NO;
				GCC_NO_COMMON_BLOCKS = YES;
				GCC_OPTIMIZATION_LEVEL = 0;
				GCC_PREPROCESSOR_DEFINITIONS = (
					"DEBUG=1",
					"$(inherited)",
				);
				GCC_WARN_64_TO_32_BIT_CONVERSION = YES;
				GCC_WARN_ABOUT_RETURN_TYPE = YES_ERROR;
				GCC_WARN_UNDECLARED_SELECTOR = YES;
				GCC_WARN_UNINITIALIZED_AUTOS = YES_AGGRESSIVE;
				GCC_WARN_UNUSED_FUNCTION = YES;
				GCC_WARN_UNUSED_VARIABLE = YES;
				IPHONEOS_DEPLOYMENT_TARGET = 14.4;
				MTL_ENABLE_DEBUG_INFO = INCLUDE_SOURCE;
				MTL_FAST_MATH = YES;
				ONLY_ACTIVE_ARCH = YES;
				SDKROOT = iphoneos;
				SWIFT_ACTIVE_COMPILATION_CONDITIONS = DEBUG;
				SWIFT_OPTIMIZATION_LEVEL = "-Onone";
			};
			name = Debug;
		};
		D09D7C5E290D53F800455BA8 /* Release */ = {
			isa = XCBuildConfiguration;
			buildSettings = {
				ALWAYS_SEARCH_USER_PATHS = NO;
				CLANG_ANALYZER_NONNULL = YES;
				CLANG_ANALYZER_NUMBER_OBJECT_CONVERSION = YES_AGGRESSIVE;
				CLANG_CXX_LANGUAGE_STANDARD = "gnu++14";
				CLANG_CXX_LIBRARY = "libc++";
				CLANG_ENABLE_MODULES = YES;
				CLANG_ENABLE_OBJC_ARC = YES;
				CLANG_ENABLE_OBJC_WEAK = YES;
				CLANG_WARN_BLOCK_CAPTURE_AUTORELEASING = YES;
				CLANG_WARN_BOOL_CONVERSION = YES;
				CLANG_WARN_COMMA = YES;
				CLANG_WARN_CONSTANT_CONVERSION = YES;
				CLANG_WARN_DEPRECATED_OBJC_IMPLEMENTATIONS = YES;
				CLANG_WARN_DIRECT_OBJC_ISA_USAGE = YES_ERROR;
				CLANG_WARN_DOCUMENTATION_COMMENTS = YES;
				CLANG_WARN_EMPTY_BODY = YES;
				CLANG_WARN_ENUM_CONVERSION = YES;
				CLANG_WARN_INFINITE_RECURSION = YES;
				CLANG_WARN_INT_CONVERSION = YES;
				CLANG_WARN_NON_LITERAL_NULL_CONVERSION = YES;
				CLANG_WARN_OBJC_IMPLICIT_RETAIN_SELF = YES;
				CLANG_WARN_OBJC_LITERAL_CONVERSION = YES;
				CLANG_WARN_OBJC_ROOT_CLASS = YES_ERROR;
				CLANG_WARN_QUOTED_INCLUDE_IN_FRAMEWORK_HEADER = YES;
				CLANG_WARN_RANGE_LOOP_ANALYSIS = YES;
				CLANG_WARN_STRICT_PROTOTYPES = YES;
				CLANG_WARN_SUSPICIOUS_MOVE = YES;
				CLANG_WARN_UNGUARDED_AVAILABILITY = YES_AGGRESSIVE;
				CLANG_WARN_UNREACHABLE_CODE = YES;
				CLANG_WARN__DUPLICATE_METHOD_MATCH = YES;
				COPY_PHASE_STRIP = NO;
				DEBUG_INFORMATION_FORMAT = "dwarf-with-dsym";
				ENABLE_NS_ASSERTIONS = NO;
				ENABLE_STRICT_OBJC_MSGSEND = YES;
				GCC_C_LANGUAGE_STANDARD = gnu11;
				GCC_NO_COMMON_BLOCKS = YES;
				GCC_WARN_64_TO_32_BIT_CONVERSION = YES;
				GCC_WARN_ABOUT_RETURN_TYPE = YES_ERROR;
				GCC_WARN_UNDECLARED_SELECTOR = YES;
				GCC_WARN_UNINITIALIZED_AUTOS = YES_AGGRESSIVE;
				GCC_WARN_UNUSED_FUNCTION = YES;
				GCC_WARN_UNUSED_VARIABLE = YES;
				IPHONEOS_DEPLOYMENT_TARGET = 14.4;
				MTL_ENABLE_DEBUG_INFO = NO;
				MTL_FAST_MATH = YES;
				SDKROOT = iphoneos;
				SWIFT_COMPILATION_MODE = wholemodule;
				SWIFT_OPTIMIZATION_LEVEL = "-O";
				VALIDATE_PRODUCT = YES;
			};
			name = Release;
		};
		D09D7C60290D53F800455BA8 /* Debug */ = {
			isa = XCBuildConfiguration;
			buildSettings = {
				ASSETCATALOG_COMPILER_APPICON_NAME = AppIcon;
				ASSETCATALOG_COMPILER_GLOBAL_ACCENT_COLOR_NAME = AccentColor;
				CODE_SIGN_STYLE = Automatic;
				DEVELOPMENT_TEAM = 9Y4SHB9736;
				INFOPLIST_FILE = Clima/Info.plist;
				LD_RUNPATH_SEARCH_PATHS = (
					"$(inherited)",
					"@executable_path/Frameworks",
				);
				PRODUCT_BUNDLE_IDENTIFIER = binod.Clima;
				PRODUCT_NAME = "$(TARGET_NAME)";
				SWIFT_VERSION = 5.0;
				TARGETED_DEVICE_FAMILY = "1,2";
			};
			name = Debug;
		};
		D09D7C61290D53F800455BA8 /* Release */ = {
			isa = XCBuildConfiguration;
			buildSettings = {
				ASSETCATALOG_COMPILER_APPICON_NAME = AppIcon;
				ASSETCATALOG_COMPILER_GLOBAL_ACCENT_COLOR_NAME = AccentColor;
				CODE_SIGN_STYLE = Automatic;
				DEVELOPMENT_TEAM = 9Y4SHB9736;
				INFOPLIST_FILE = Clima/Info.plist;
				LD_RUNPATH_SEARCH_PATHS = (
					"$(inherited)",
					"@executable_path/Frameworks",
				);
				PRODUCT_BUNDLE_IDENTIFIER = binod.Clima;
				PRODUCT_NAME = "$(TARGET_NAME)";
				SWIFT_VERSION = 5.0;
				TARGETED_DEVICE_FAMILY = "1,2";
			};
			name = Release;
		};
/* End XCBuildConfiguration section */

/* Begin XCConfigurationList section */
		D09D7C46290D53F500455BA8 /* Build configuration list for PBXProject "Clima" */ = {
			isa = XCConfigurationList;
			buildConfigurations = (
				D09D7C5D290D53F800455BA8 /* Debug */,
				D09D7C5E290D53F800455BA8 /* Release */,
			);
			defaultConfigurationIsVisible = 0;
			defaultConfigurationName = Release;
		};
		D09D7C5F290D53F800455BA8 /* Build configuration list for PBXNativeTarget "Clima" */ = {
			isa = XCConfigurationList;
			buildConfigurations = (
				D09D7C60290D53F800455BA8 /* Debug */,
				D09D7C61290D53F800455BA8 /* Release */,
			);
			defaultConfigurationIsVisible = 0;
			defaultConfigurationName = Release;
		};
/* End XCConfigurationList section */
	};
	rootObject = D09D7C43290D53F500455BA8 /* Project object */;
}
